
Microsoft Visual Studio Solution File, Format Version 12.00
# Visual Studio Version 16
VisualStudioVersion = 16.0.30320.27
MinimumVisualStudioVersion = 10.0.40219.1
Project("{FAE04EC0-301F-11D3-BF4B-00C04F79EFBC}") = "Realm Digital Employee Birthday Wisher", "Realm Digital Employee Birthday Wisher\Realm Digital Employee Birthday Wisher.csproj", "{F627116F-3655-4CC5-AB44-60BF5723ADED}"
EndProject
Global
	GlobalSection(SolutionConfigurationPlatforms) = preSolution
		Debug|Any CPU = Debug|Any CPU
		Release|Any CPU = Release|Any CPU
	EndGlobalSection
	GlobalSection(ProjectConfigurationPlatforms) = postSolution
		{F627116F-3655-4CC5-AB44-60BF5723ADED}.Debug|Any CPU.ActiveCfg = Debug|Any CPU
		{F627116F-3655-4CC5-AB44-60BF5723ADED}.Debug|Any CPU.Build.0 = Debug|Any CPU
		{F627116F-3655-4CC5-AB44-60BF5723ADED}.Release|Any CPU.ActiveCfg = Release|Any CPU
		{F627116F-3655-4CC5-AB44-60BF5723ADED}.Release|Any CPU.Build.0 = Release|Any CPU
	EndGlobalSection
	GlobalSection(SolutionProperties) = preSolution
		HideSolutionNode = FALSE
	EndGlobalSection
	GlobalSection(ExtensibilityGlobals) = postSolution
		SolutionGuid = {E93AEA05-0204-4BD6-8806-87F32A980212}
	EndGlobalSection
EndGlobal
